
Microsoft Visual Studio Solution File, Format Version 12.00
Project("{FAE04EC0-301F-11D3-BF4B-00C04F79EFBC}") = "TipsyOwl", "TipsyOwl\TipsyOwl.csproj", "{0A1606CF-2752-4F0F-8557-11135A69508E}"
EndProject
Project("{FAE04EC0-301F-11D3-BF4B-00C04F79EFBC}") = "Bjerg", "..\Bjerg\Bjerg\Bjerg.csproj", "{A78C0F00-1345-4ED6-8FCB-7025F89BF7E3}"
EndProject
Project("{FAE04EC0-301F-11D3-BF4B-00C04F79EFBC}") = "WumpusHall", "..\WumpusHall\WumpusHall\WumpusHall.csproj", "{9EF690EC-0211-4CBB-92A1-8E4997D8136D}"
EndProject
Global
	GlobalSection(SolutionConfigurationPlatforms) = preSolution
		Debug|Any CPU = Debug|Any CPU
		Release|Any CPU = Release|Any CPU
	EndGlobalSection
	GlobalSection(ProjectConfigurationPlatforms) = postSolution
		{0A1606CF-2752-4F0F-8557-11135A69508E}.Debug|Any CPU.ActiveCfg = Debug|Any CPU
		{0A1606CF-2752-4F0F-8557-11135A69508E}.Debug|Any CPU.Build.0 = Debug|Any CPU
		{0A1606CF-2752-4F0F-8557-11135A69508E}.Release|Any CPU.ActiveCfg = Release|Any CPU
		{0A1606CF-2752-4F0F-8557-11135A69508E}.Release|Any CPU.Build.0 = Release|Any CPU
		{A78C0F00-1345-4ED6-8FCB-7025F89BF7E3}.Debug|Any CPU.ActiveCfg = Debug|Any CPU
		{A78C0F00-1345-4ED6-8FCB-7025F89BF7E3}.Debug|Any CPU.Build.0 = Debug|Any CPU
		{A78C0F00-1345-4ED6-8FCB-7025F89BF7E3}.Release|Any CPU.ActiveCfg = Release|Any CPU
		{A78C0F00-1345-4ED6-8FCB-7025F89BF7E3}.Release|Any CPU.Build.0 = Release|Any CPU
		{9EF690EC-0211-4CBB-92A1-8E4997D8136D}.Debug|Any CPU.ActiveCfg = Debug|Any CPU
		{9EF690EC-0211-4CBB-92A1-8E4997D8136D}.Debug|Any CPU.Build.0 = Debug|Any CPU
		{9EF690EC-0211-4CBB-92A1-8E4997D8136D}.Release|Any CPU.ActiveCfg = Release|Any CPU
		{9EF690EC-0211-4CBB-92A1-8E4997D8136D}.Release|Any CPU.Build.0 = Release|Any CPU
	EndGlobalSection
EndGlobal
